// !$*UTF8*$!
{
	archiveVersion = 1;
	classes = {
	};
	objectVersion = 46;
	objects = {

/* Begin PBXBuildFile section */
		891C9AE9176737E700C50B8B /* UIKit.framework in Frameworks */ = {isa = PBXBuildFile; fileRef = 891C9AE8176737E700C50B8B /* UIKit.framework */; };
		891C9AEB176737E700C50B8B /* Foundation.framework in Frameworks */ = {isa = PBXBuildFile; fileRef = 891C9AEA176737E700C50B8B /* Foundation.framework */; };
		891C9AED176737E700C50B8B /* CoreGraphics.framework in Frameworks */ = {isa = PBXBuildFile; fileRef = 891C9AEC176737E700C50B8B /* CoreGraphics.framework */; };
		891C9AF3176737E700C50B8B /* InfoPlist.strings in Resources */ = {isa = PBXBuildFile; fileRef = 891C9AF1176737E700C50B8B /* InfoPlist.strings */; };
		891C9AF5176737E700C50B8B /* main.m in Sources */ = {isa = PBXBuildFile; fileRef = 891C9AF4176737E700C50B8B /* main.m */; };
		891C9AF9176737E700C50B8B /* AppDelegate.m in Sources */ = {isa = PBXBuildFile; fileRef = 891C9AF8176737E700C50B8B /* AppDelegate.m */; };
		891C9AFB176737E700C50B8B /* Default.png in Resources */ = {isa = PBXBuildFile; fileRef = 891C9AFA176737E700C50B8B /* Default.png */; };
		891C9AFD176737E700C50B8B /* Default@2x.png in Resources */ = {isa = PBXBuildFile; fileRef = 891C9AFC176737E700C50B8B /* Default@2x.png */; };
		891C9AFF176737E700C50B8B /* Default-568h@2x.png in Resources */ = {isa = PBXBuildFile; fileRef = 891C9AFE176737E700C50B8B /* Default-568h@2x.png */; };
		891C9B02176737E700C50B8B /* MainStoryboard.storyboard in Resources */ = {isa = PBXBuildFile; fileRef = 891C9B00176737E700C50B8B /* MainStoryboard.storyboard */; };
		891C9B05176737E700C50B8B /* ViewController.m in Sources */ = {isa = PBXBuildFile; fileRef = 891C9B04176737E700C50B8B /* ViewController.m */; };
/* End PBXBuildFile section */

/* Begin PBXFileReference section */
		891C9AE4176737E700C50B8B /* WebviewApp.app */ = {isa = PBXFileReference; explicitFileType = wrapper.application; includeInIndex = 0; path = WebviewApp.app; sourceTree = BUILT_PRODUCTS_DIR; };
		891C9AE8176737E700C50B8B /* UIKit.framework */ = {isa = PBXFileReference; lastKnownFileType = wrapper.framework; name = UIKit.framework; path = System/Library/Frameworks/UIKit.framework; sourceTree = SDKROOT; };
		891C9AEA176737E700C50B8B /* Foundation.framework */ = {isa = PBXFileReference; lastKnownFileType = wrapper.framework; name = Foundation.framework; path = System/Library/Frameworks/Foundation.framework; sourceTree = SDKROOT; };
		891C9AEC176737E700C50B8B /* CoreGraphics.framework */ = {isa = PBXFileReference; lastKnownFileType = wrapper.framework; name = CoreGraphics.framework; path = System/Library/Frameworks/CoreGraphics.framework; sourceTree = SDKROOT; };
		891C9AF0176737E700C50B8B /* WebviewApp-Info.plist */ = {isa = PBXFileReference; lastKnownFileType = text.plist.xml; path = "WebviewApp-Info.plist"; sourceTree = "<group>"; };
		891C9AF2176737E700C50B8B /* en */ = {isa = PBXFileReference; lastKnownFileType = text.plist.strings; name = en; path = en.lproj/InfoPlist.strings; sourceTree = "<group>"; };
		891C9AF4176737E700C50B8B /* main.m */ = {isa = PBXFileReference; lastKnownFileType = sourcecode.c.objc; path = main.m; sourceTree = "<group>"; };
		891C9AF6176737E700C50B8B /* WebviewApp-Prefix.pch */ = {isa = PBXFileReference; lastKnownFileType = sourcecode.c.h; path = "WebviewApp-Prefix.pch"; sourceTree = "<group>"; };
		891C9AF7176737E700C50B8B /* AppDelegate.h */ = {isa = PBXFileReference; lastKnownFileType = sourcecode.c.h; path = AppDelegate.h; sourceTree = "<group>"; };
		891C9AF8176737E700C50B8B /* AppDelegate.m */ = {isa = PBXFileReference; lastKnownFileType = sourcecode.c.objc; path = AppDelegate.m; sourceTree = "<group>"; };
		891C9AFA176737E700C50B8B /* Default.png */ = {isa = PBXFileReference; lastKnownFileType = image.png; path = Default.png; sourceTree = "<group>"; };
		891C9AFC176737E700C50B8B /* Default@2x.png */ = {isa = PBXFileReference; lastKnownFileType = image.png; path = "Default@2x.png"; sourceTree = "<group>"; };
		891C9AFE176737E700C50B8B /* Default-568h@2x.png */ = {isa = PBXFileReference; lastKnownFileType = image.png; path = "Default-568h@2x.png"; sourceTree = "<group>"; };
		891C9B01176737E700C50B8B /* en */ = {isa = PBXFileReference; lastKnownFileType = file.storyboard; name = en; path = en.lproj/MainStoryboard.storyboard; sourceTree = "<group>"; };
		891C9B03176737E700C50B8B /* ViewController.h */ = {isa = PBXFileReference; lastKnownFileType = sourcecode.c.h; path = ViewController.h; sourceTree = "<group>"; };
		891C9B04176737E700C50B8B /* ViewController.m */ = {isa = PBXFileReference; lastKnownFileType = sourcecode.c.objc; path = ViewController.m; sourceTree = "<group>"; };
/* End PBXFileReference section */

/* Begin PBXFrameworksBuildPhase section */
		891C9AE1176737E700C50B8B /* Frameworks */ = {
			isa = PBXFrameworksBuildPhase;
			buildActionMask = 2147483647;
			files = (
				891C9AE9176737E700C50B8B /* UIKit.framework in Frameworks */,
				891C9AEB176737E700C50B8B /* Foundation.framework in Frameworks */,
				891C9AED176737E700C50B8B /* CoreGraphics.framework in Frameworks */,
			);
			runOnlyForDeploymentPostprocessing = 0;
		};
/* End PBXFrameworksBuildPhase section */

/* Begin PBXGroup section */
		891C9AD9176737E700C50B8B = {
			isa = PBXGroup;
			children = (
				891C9AEE176737E700C50B8B /* WebviewApp */,
				891C9AE7176737E700C50B8B /* Frameworks */,
				891C9AE5176737E700C50B8B /* Products */,
			);
			sourceTree = "<group>";
		};
		891C9AE5176737E700C50B8B /* Products */ = {
			isa = PBXGroup;
			children = (
				891C9AE4176737E700C50B8B /* WebviewApp.app */,
			);
			name = Products;
			sourceTree = "<group>";
		};
		891C9AE7176737E700C50B8B /* Frameworks */ = {
			isa = PBXGroup;
			children = (
				891C9AE8176737E700C50B8B /* UIKit.framework */,
				891C9AEA176737E700C50B8B /* Foundation.framework */,
				891C9AEC176737E700C50B8B /* CoreGraphics.framework */,
			);
			name = Frameworks;
			sourceTree = "<group>";
		};
		891C9AEE176737E700C50B8B /* WebviewApp */ = {
			isa = PBXGroup;
			children = (
				891C9AF7176737E700C50B8B /* AppDelegate.h */,
				891C9AF8176737E700C50B8B /* AppDelegate.m */,
				891C9B00176737E700C50B8B /* MainStoryboard.storyboard */,
				891C9B03176737E700C50B8B /* ViewController.h */,
				891C9B04176737E700C50B8B /* ViewController.m */,
				891C9AEF176737E700C50B8B /* Supporting Files */,
			);
			path = WebviewApp;
			sourceTree = "<group>";
		};
		891C9AEF176737E700C50B8B /* Supporting Files */ = {
			isa = PBXGroup;
			children = (
				891C9AF0176737E700C50B8B /* WebviewApp-Info.plist */,
				891C9AF1176737E700C50B8B /* InfoPlist.strings */,
				891C9AF4176737E700C50B8B /* main.m */,
				891C9AF6176737E700C50B8B /* WebviewApp-Prefix.pch */,
				891C9AFA176737E700C50B8B /* Default.png */,
				891C9AFC176737E700C50B8B /* Default@2x.png */,
				891C9AFE176737E700C50B8B /* Default-568h@2x.png */,
			);
			name = "Supporting Files";
			sourceTree = "<group>";
		};
/* End PBXGroup section */

/* Begin PBXNativeTarget section */
		891C9AE3176737E700C50B8B /* WebviewApp */ = {
			isa = PBXNativeTarget;
			buildConfigurationList = 891C9B08176737E700C50B8B /* Build configuration list for PBXNativeTarget "WebviewApp" */;
			buildPhases = (
				891C9AE0176737E700C50B8B /* Sources */,
				891C9AE1176737E700C50B8B /* Frameworks */,
				891C9AE2176737E700C50B8B /* Resources */,
			);
			buildRules = (
			);
			dependencies = (
			);
			name = WebviewApp;
			productName = WebviewApp;
			productReference = 891C9AE4176737E700C50B8B /* WebviewApp.app */;
			productType = "com.apple.product-type.application";
		};
/* End PBXNativeTarget section */

/* Begin PBXProject section */
		891C9ADB176737E700C50B8B /* Project object */ = {
			isa = PBXProject;
			attributes = {
				LastUpgradeCheck = 0450;
				ORGANIZATIONNAME = Minal;
			};
			buildConfigurationList = 891C9ADE176737E700C50B8B /* Build configuration list for PBXProject "WebviewApp" */;
			compatibilityVersion = "Xcode 3.2";
			developmentRegion = English;
			hasScannedForEncodings = 0;
			knownRegions = (
				en,
			);
			mainGroup = 891C9AD9176737E700C50B8B;
			productRefGroup = 891C9AE5176737E700C50B8B /* Products */;
			projectDirPath = "";
			projectRoot = "";
			targets = (
				891C9AE3176737E700C50B8B /* WebviewApp */,
			);
		};
/* End PBXProject section */

/* Begin PBXResourcesBuildPhase section */
		891C9AE2176737E700C50B8B /* Resources */ = {
			isa = PBXResourcesBuildPhase;
			buildActionMask = 2147483647;
			files = (
				891C9AF3176737E700C50B8B /* InfoPlist.strings in Resources */,
				891C9AFB176737E700C50B8B /* Default.png in Resources */,
				891C9AFD176737E700C50B8B /* Default@2x.png in Resources */,
				891C9AFF176737E700C50B8B /* Default-568h@2x.png in Resources */,
				891C9B02176737E700C50B8B /* MainStoryboard.storyboard in Resources */,
			);
			runOnlyForDeploymentPostprocessing = 0;
		};
/* End PBXResourcesBuildPhase section */

/* Begin PBXSourcesBuildPhase section */
		891C9AE0176737E700C50B8B /* Sources */ = {
			isa = PBXSourcesBuildPhase;
			buildActionMask = 2147483647;
			files = (
				891C9AF5176737E700C50B8B /* main.m in Sources */,
				891C9AF9176737E700C50B8B /* AppDelegate.m in Sources */,
				891C9B05176737E700C50B8B /* ViewController.m in Sources */,
			);
			runOnlyForDeploymentPostprocessing = 0;
		};
/* End PBXSourcesBuildPhase section */

/* Begin PBXVariantGroup section */
		891C9AF1176737E700C50B8B /* InfoPlist.strings */ = {
			isa = PBXVariantGroup;
			children = (
				891C9AF2176737E700C50B8B /* en */,
			);
			name = InfoPlist.strings;
			sourceTree = "<group>";
		};
		891C9B00176737E700C50B8B /* MainStoryboard.storyboard */ = {
			isa = PBXVariantGroup;
			children = (
				891C9B01176737E700C50B8B /* en */,
			);
			name = MainStoryboard.storyboard;
			sourceTree = "<group>";
		};
/* End PBXVariantGroup section */

/* Begin XCBuildConfiguration section */
		891C9B06176737E700C50B8B /* Debug */ = {
			isa = XCBuildConfiguration;
			buildSettings = {
				ALWAYS_SEARCH_USER_PATHS = NO;
				CLANG_CXX_LANGUAGE_STANDARD = "gnu++0x";
				CLANG_CXX_LIBRARY = "libc++";
				CLANG_WARN_EMPTY_BODY = YES;
				CLANG_WARN__DUPLICATE_METHOD_MATCH = YES;
				"CODE_SIGN_IDENTITY[sdk=iphoneos*]" = "iPhone Developer";
				COPY_PHASE_STRIP = NO;
				GCC_C_LANGUAGE_STANDARD = gnu99;
				GCC_DYNAMIC_NO_PIC = NO;
				GCC_OPTIMIZATION_LEVEL = 0;
				GCC_PREPROCESSOR_DEFINITIONS = (
					"DEBUG=1",
					"$(inherited)",
				);
				GCC_SYMBOLS_PRIVATE_EXTERN = NO;
				GCC_WARN_ABOUT_RETURN_TYPE = YES;
				GCC_WARN_UNINITIALIZED_AUTOS = YES;
				GCC_WARN_UNUSED_VARIABLE = YES;
				IPHONEOS_DEPLOYMENT_TARGET = 6.0;
				ONLY_ACTIVE_ARCH = YES;
				SDKROOT = iphoneos;
			};
			name = Debug;
		};
		891C9B07176737E700C50B8B /* Release */ = {
			isa = XCBuildConfiguration;
			buildSettings = {
				ALWAYS_SEARCH_USER_PATHS = NO;
				CLANG_CXX_LANGUAGE_STANDARD = "gnu++0x";
				CLANG_CXX_LIBRARY = "libc++";
				CLANG_WARN_EMPTY_BODY = YES;
				CLANG_WARN__DUPLICATE_METHOD_MATCH = YES;
				"CODE_SIGN_IDENTITY[sdk=iphoneos*]" = "iPhone Developer";
				COPY_PHASE_STRIP = YES;
				GCC_C_LANGUAGE_STANDARD = gnu99;
				GCC_WARN_ABOUT_RETURN_TYPE = YES;
				GCC_WARN_UNINITIALIZED_AUTOS = YES;
				GCC_WARN_UNUSED_VARIABLE = YES;
				IPHONEOS_DEPLOYMENT_TARGET = 6.0;
				OTHER_CFLAGS = "-DNS_BLOCK_ASSERTIONS=1";
				SDKROOT = iphoneos;
				VALIDATE_PRODUCT = YES;
			};
			name = Release;
		};
		891C9B09176737E700C50B8B /* Debug */ = {
			isa = XCBuildConfiguration;
			buildSettings = {
				GCC_PRECOMPILE_PREFIX_HEADER = YES;
				GCC_PREFIX_HEADER = "WebviewApp/WebviewApp-Prefix.pch";
				INFOPLIST_FILE = "WebviewApp/WebviewApp-Info.plist";
				PRODUCT_NAME = "$(TARGET_NAME)";
				WRAPPER_EXTENSION = app;
			};
			name = Debug;
		};
		891C9B0A176737E700C50B8B /* Release */ = {
			isa = XCBuildConfiguration;
			buildSettings = {
				GCC_PRECOMPILE_PREFIX_HEADER = YES;
				GCC_PREFIX_HEADER = "WebviewApp/WebviewApp-Prefix.pch";
				INFOPLIST_FILE = "WebviewApp/WebviewApp-Info.plist";
				PRODUCT_NAME = "$(TARGET_NAME)";
				WRAPPER_EXTENSION = app;
			};
			name = Release;
		};
/* End XCBuildConfiguration section */

/* Begin XCConfigurationList section */
		891C9ADE176737E700C50B8B /* Build configuration list for PBXProject "WebviewApp" */ = {
			isa = XCConfigurationList;
			buildConfigurations = (
				891C9B06176737E700C50B8B /* Debug */,
				891C9B07176737E700C50B8B /* Release */,
			);
			defaultConfigurationIsVisible = 0;
			defaultConfigurationName = Release;
		};
		891C9B08176737E700C50B8B /* Build configuration list for PBXNativeTarget "WebviewApp" */ = {
			isa = XCConfigurationList;
			buildConfigurations = (
				891C9B09176737E700C50B8B /* Debug */,
				891C9B0A176737E700C50B8B /* Release */,
			);
			defaultConfigurationIsVisible = 0;
		};
/* End XCConfigurationList section */
	};
	rootObject = 891C9ADB176737E700C50B8B /* Project object */;
}
